
Microsoft Visual Studio Solution File, Format Version 12.00
# Visual Studio Version 17
VisualStudioVersion = 17.8.34309.116
MinimumVisualStudioVersion = 10.0.40219.1
Project("{FAE04EC0-301F-11D3-BF4B-00C04F79EFBC}") = "CoffeeShop", "CoffeeShop\CoffeeShop.csproj", "{BBF336CF-61D0-4EEA-B833-075079C3ED2C}"
EndProject
Global
	GlobalSection(SolutionConfigurationPlatforms) = preSolution
		Debug|Any CPU = Debug|Any CPU
		Release|Any CPU = Release|Any CPU
	EndGlobalSection
	GlobalSection(ProjectConfigurationPlatforms) = postSolution
		{BBF336CF-61D0-4EEA-B833-075079C3ED2C}.Debug|Any CPU.ActiveCfg = Debug|Any CPU
		{BBF336CF-61D0-4EEA-B833-075079C3ED2C}.Debug|Any CPU.Build.0 = Debug|Any CPU
		{BBF336CF-61D0-4EEA-B833-075079C3ED2C}.Release|Any CPU.ActiveCfg = Release|Any CPU
		{BBF336CF-61D0-4EEA-B833-075079C3ED2C}.Release|Any CPU.Build.0 = Release|Any CPU
	EndGlobalSection
	GlobalSection(SolutionProperties) = preSolution
		HideSolutionNode = FALSE
	EndGlobalSection
	GlobalSection(ExtensibilityGlobals) = postSolution
		SolutionGuid = {6C71F017-2882-407D-BDD1-6901054D9456}
	EndGlobalSection
EndGlobal
